
Microsoft Visual Studio Solution File, Format Version 12.00
# Visual Studio Version 17
VisualStudioVersion = 17.9.34616.47
MinimumVisualStudioVersion = 10.0.40219.1
Project("{FAE04EC0-301F-11D3-BF4B-00C04F79EFBC}") = "CypCalib.Core", "CypCalib.Core\CypCalib.Core.csproj", "{C6B7B3A7-3715-401C-8D67-5FCAD94A6014}"
EndProject
Project("{FAE04EC0-301F-11D3-BF4B-00C04F79EFBC}") = "CypCalib.Tests", "CypCalib.Tests\CypCalib.Tests.csproj", "{8E0C6591-A251-427C-A4A6-C1AA604710E1}"
EndProject
Project("{FAE04EC0-301F-11D3-BF4B-00C04F79EFBC}") = "absLib", "absLib\absLib.csproj", "{99E9FE3A-72E1-40EB-9A9A-6D97F5DB0ED2}"
EndProject
Project("{FAE04EC0-301F-11D3-BF4B-00C04F79EFBC}") = "CypCalib.UI", "CypCalib.UI\CypCalib.UI.csproj", "{7F80A4CF-CC8B-4D16-ABF4-4964647E955E}"
EndProject
Project("{FAE04EC0-301F-11D3-BF4B-00C04F79EFBC}") = "CypCalib.WPF", "CypCalib.WPF\CypCalib.WPF.csproj", "{A8547EB0-800E-44CE-A515-BAB5FFD08C85}"
EndProject
Global
	GlobalSection(SolutionConfigurationPlatforms) = preSolution
		Debug|Any CPU = Debug|Any CPU
		Release|Any CPU = Release|Any CPU
	EndGlobalSection
	GlobalSection(ProjectConfigurationPlatforms) = postSolution
		{C6B7B3A7-3715-401C-8D67-5FCAD94A6014}.Debug|Any CPU.ActiveCfg = Debug|Any CPU
		{C6B7B3A7-3715-401C-8D67-5FCAD94A6014}.Debug|Any CPU.Build.0 = Debug|Any CPU
		{C6B7B3A7-3715-401C-8D67-5FCAD94A6014}.Release|Any CPU.ActiveCfg = Release|Any CPU
		{C6B7B3A7-3715-401C-8D67-5FCAD94A6014}.Release|Any CPU.Build.0 = Release|Any CPU
		{8E0C6591-A251-427C-A4A6-C1AA604710E1}.Debug|Any CPU.ActiveCfg = Debug|Any CPU
		{8E0C6591-A251-427C-A4A6-C1AA604710E1}.Debug|Any CPU.Build.0 = Debug|Any CPU
		{8E0C6591-A251-427C-A4A6-C1AA604710E1}.Release|Any CPU.ActiveCfg = Release|Any CPU
		{8E0C6591-A251-427C-A4A6-C1AA604710E1}.Release|Any CPU.Build.0 = Release|Any CPU
		{99E9FE3A-72E1-40EB-9A9A-6D97F5DB0ED2}.Debug|Any CPU.ActiveCfg = Debug|Any CPU
		{99E9FE3A-72E1-40EB-9A9A-6D97F5DB0ED2}.Debug|Any CPU.Build.0 = Debug|Any CPU
		{99E9FE3A-72E1-40EB-9A9A-6D97F5DB0ED2}.Release|Any CPU.ActiveCfg = Release|Any CPU
		{99E9FE3A-72E1-40EB-9A9A-6D97F5DB0ED2}.Release|Any CPU.Build.0 = Release|Any CPU
		{7F80A4CF-CC8B-4D16-ABF4-4964647E955E}.Debug|Any CPU.ActiveCfg = Debug|Any CPU
		{7F80A4CF-CC8B-4D16-ABF4-4964647E955E}.Debug|Any CPU.Build.0 = Debug|Any CPU
		{7F80A4CF-CC8B-4D16-ABF4-4964647E955E}.Release|Any CPU.ActiveCfg = Release|Any CPU
		{7F80A4CF-CC8B-4D16-ABF4-4964647E955E}.Release|Any CPU.Build.0 = Release|Any CPU
		{A8547EB0-800E-44CE-A515-BAB5FFD08C85}.Debug|Any CPU.ActiveCfg = Debug|Any CPU
		{A8547EB0-800E-44CE-A515-BAB5FFD08C85}.Debug|Any CPU.Build.0 = Debug|Any CPU
		{A8547EB0-800E-44CE-A515-BAB5FFD08C85}.Release|Any CPU.ActiveCfg = Release|Any CPU
		{A8547EB0-800E-44CE-A515-BAB5FFD08C85}.Release|Any CPU.Build.0 = Release|Any CPU
	EndGlobalSection
	GlobalSection(SolutionProperties) = preSolution
		HideSolutionNode = FALSE
	EndGlobalSection
EndGlobal
